
Microsoft Visual Studio Solution File, Format Version 12.00
# Visual Studio Version 16
VisualStudioVersion = 16.0.30114.105
MinimumVisualStudioVersion = 10.0.40219.1
Project("{FAE04EC0-301F-11D3-BF4B-00C04F79EFBC}") = "HelloWorld", "HelloWorld\HelloWorld.csproj", "{843229DF-C65D-469A-BF43-BD198215515F}"
EndProject
Global
	GlobalSection(SolutionConfigurationPlatforms) = preSolution
		Debug|Any CPU = Debug|Any CPU
		Release|Any CPU = Release|Any CPU
	EndGlobalSection
	GlobalSection(ProjectConfigurationPlatforms) = postSolution
		{843229DF-C65D-469A-BF43-BD198215515F}.Debug|Any CPU.ActiveCfg = Debug|Any CPU
		{843229DF-C65D-469A-BF43-BD198215515F}.Debug|Any CPU.Build.0 = Debug|Any CPU
		{843229DF-C65D-469A-BF43-BD198215515F}.Release|Any CPU.ActiveCfg = Release|Any CPU
		{843229DF-C65D-469A-BF43-BD198215515F}.Release|Any CPU.Build.0 = Release|Any CPU
	EndGlobalSection
	GlobalSection(SolutionProperties) = preSolution
		HideSolutionNode = FALSE
	EndGlobalSection
	GlobalSection(ExtensibilityGlobals) = postSolution
		SolutionGuid = {D7C7527B-0FD9-4E37-92DD-8CD1886C889B}
	EndGlobalSection
EndGlobal
